
Microsoft Visual Studio Solution File, Format Version 11.00
# Visual Studio 2010
Project("{8BC9CEB8-8B4A-11D0-8D11-00A0C91BC942}") = "1_2.1.hello_triangle", "1.getting_started\2.1.hello_triangle\hello_triangle\hello_triangle.vcxproj", "{CA356994-D7E2-4221-A7CF-36F88F75C3D0}"
EndProject
Project("{8BC9CEB8-8B4A-11D0-8D11-00A0C91BC942}") = "1_2.2.hello_triangle_indexed", "1.getting_started\2.2.hello_triangle_indexed\hello_triangle_indexed\hello_triangle_indexed.vcxproj", "{BC08DC02-E865-4923-A345-1BB7824B9B51}"
EndProject
Project("{8BC9CEB8-8B4A-11D0-8D11-00A0C91BC942}") = "1_4.1.textures", "1.getting_started\4.1.textures\4.1.textures.vcxproj", "{54DB59AE-A8C1-4B0C-8906-355B43883FCB}"
EndProject
Project("{8BC9CEB8-8B4A-11D0-8D11-00A0C91BC942}") = "1_5.1.transformations", "1.getting_started\5.1.transformations\5.1.transformations.vcxproj", "{743AAD92-48AA-41AF-9378-9C46BB3CD4B1}"
EndProject
Project("{8BC9CEB8-8B4A-11D0-8D11-00A0C91BC942}") = "1_6.1.coordinate_systems", "1.getting_started\6.1.coordinate_systems\6.1.coordinate_systems.vcxproj", "{2BEB1CE8-4962-4F33-B23E-BB3D16243578}"
EndProject
Project("{8BC9CEB8-8B4A-11D0-8D11-00A0C91BC942}") = "1_6.2.coordinate_systems_depth", "1.getting_started\6.2.coordinate_systems_depth\6.2.coordinate_systems_depth.vcxproj", "{D6657539-25F7-4805-930D-E3EE6C45A4C7}"
EndProject
Project("{8BC9CEB8-8B4A-11D0-8D11-00A0C91BC942}") = "1_7.1.camera_circle", "1.getting_started\7.1.camera_circle\7.1.camera_circle.vcxproj", "{06D53120-66C7-4337-A917-07518A35559E}"
EndProject
Project("{8BC9CEB8-8B4A-11D0-8D11-00A0C91BC942}") = "1_7.2.camera_keyboard_dt", "1.getting_started\7.2.camera_keyboard_dt\7.2.camera_keyboard_dt.vcxproj", "{FBBBDECF-5821-4317-8E2D-DA8B216B1BF2}"
EndProject
Project("{8BC9CEB8-8B4A-11D0-8D11-00A0C91BC942}") = "1_7.4.camera_class", "1.getting_started\7.4.camera_class\7.4.camera_class.vcxproj", "{2C34805B-A768-4BB6-9E0D-AB2BF6367D8D}"
EndProject
Project("{8BC9CEB8-8B4A-11D0-8D11-00A0C91BC942}") = "2_1.colors", "2.lighting\2_1.colors\2_1.colors.vcxproj", "{C0694D41-A062-4087-A50E-F80C174300AD}"
EndProject
Project("{8BC9CEB8-8B4A-11D0-8D11-00A0C91BC942}") = "3_1.model_loading", "3.model_loading\3_1.model_loading\3_1.model_loading.vcxproj", "{9413A687-D5BE-4433-9481-605692D4412C}"
EndProject
Project("{8BC9CEB8-8B4A-11D0-8D11-00A0C91BC942}") = "4_3.1.blending_discard", "4.advanced_opengl\4_3.1.blending_discard\4_3.1.blending_discard.vcxproj", "{9FAEE29A-88EF-4F40-ADB1-E0779030700C}"
EndProject
Project("{8BC9CEB8-8B4A-11D0-8D11-00A0C91BC942}") = "4_3.2.blending_sort", "4.advanced_opengl\4_3.2.blending_sort\4_3.2.blending_sort.vcxproj", "{8FC11786-045D-41FA-891D-5549FF8F141D}"
EndProject
Project("{8BC9CEB8-8B4A-11D0-8D11-00A0C91BC942}") = "4_5.1.framebuffers", "4.advanced_opengl\4_5.1.framebuffers\4_5.1.framebuffers.vcxproj", "{BB3940F6-61C4-4867-886E-0CD6BD4A9C9B}"
EndProject
Project("{8BC9CEB8-8B4A-11D0-8D11-00A0C91BC942}") = "4_6.1.cubemaps_skybox", "4.advanced_opengl\4_6.1.cubemaps_skybox\4_6.1.cubemaps_skybox.vcxproj", "{18DC9B47-3976-4BBA-A70E-81C7404792BC}"
EndProject
Project("{8BC9CEB8-8B4A-11D0-8D11-00A0C91BC942}") = "4_6.3.cubemaps_skybox_reflect", "4.advanced_opengl\4_6.3.cubemaps_skybox_reflect\4_6.3.cubemaps_skybox_reflect.vcxproj", "{B7B65E80-846C-4BCC-8B0F-BD05F82A2FF1}"
EndProject
Global
	GlobalSection(SolutionConfigurationPlatforms) = preSolution
		Debug|Win32 = Debug|Win32
		Release|Win32 = Release|Win32
	EndGlobalSection
	GlobalSection(ProjectConfigurationPlatforms) = postSolution
		{CA356994-D7E2-4221-A7CF-36F88F75C3D0}.Debug|Win32.ActiveCfg = Debug|Win32
		{CA356994-D7E2-4221-A7CF-36F88F75C3D0}.Debug|Win32.Build.0 = Debug|Win32
		{CA356994-D7E2-4221-A7CF-36F88F75C3D0}.Release|Win32.ActiveCfg = Release|Win32
		{CA356994-D7E2-4221-A7CF-36F88F75C3D0}.Release|Win32.Build.0 = Release|Win32
		{BC08DC02-E865-4923-A345-1BB7824B9B51}.Debug|Win32.ActiveCfg = Debug|Win32
		{BC08DC02-E865-4923-A345-1BB7824B9B51}.Debug|Win32.Build.0 = Debug|Win32
		{BC08DC02-E865-4923-A345-1BB7824B9B51}.Release|Win32.ActiveCfg = Release|Win32
		{BC08DC02-E865-4923-A345-1BB7824B9B51}.Release|Win32.Build.0 = Release|Win32
		{54DB59AE-A8C1-4B0C-8906-355B43883FCB}.Debug|Win32.ActiveCfg = Debug|Win32
		{54DB59AE-A8C1-4B0C-8906-355B43883FCB}.Debug|Win32.Build.0 = Debug|Win32
		{54DB59AE-A8C1-4B0C-8906-355B43883FCB}.Release|Win32.ActiveCfg = Release|Win32
		{54DB59AE-A8C1-4B0C-8906-355B43883FCB}.Release|Win32.Build.0 = Release|Win32
		{743AAD92-48AA-41AF-9378-9C46BB3CD4B1}.Debug|Win32.ActiveCfg = Debug|Win32
		{743AAD92-48AA-41AF-9378-9C46BB3CD4B1}.Debug|Win32.Build.0 = Debug|Win32
		{743AAD92-48AA-41AF-9378-9C46BB3CD4B1}.Release|Win32.ActiveCfg = Release|Win32
		{743AAD92-48AA-41AF-9378-9C46BB3CD4B1}.Release|Win32.Build.0 = Release|Win32
		{2BEB1CE8-4962-4F33-B23E-BB3D16243578}.Debug|Win32.ActiveCfg = Debug|Win32
		{2BEB1CE8-4962-4F33-B23E-BB3D16243578}.Debug|Win32.Build.0 = Debug|Win32
		{2BEB1CE8-4962-4F33-B23E-BB3D16243578}.Release|Win32.ActiveCfg = Release|Win32
		{2BEB1CE8-4962-4F33-B23E-BB3D16243578}.Release|Win32.Build.0 = Release|Win32
		{D6657539-25F7-4805-930D-E3EE6C45A4C7}.Debug|Win32.ActiveCfg = Debug|Win32
		{D6657539-25F7-4805-930D-E3EE6C45A4C7}.Debug|Win32.Build.0 = Debug|Win32
		{D6657539-25F7-4805-930D-E3EE6C45A4C7}.Release|Win32.ActiveCfg = Release|Win32
		{D6657539-25F7-4805-930D-E3EE6C45A4C7}.Release|Win32.Build.0 = Release|Win32
		{06D53120-66C7-4337-A917-07518A35559E}.Debug|Win32.ActiveCfg = Debug|Win32
		{06D53120-66C7-4337-A917-07518A35559E}.Debug|Win32.Build.0 = Debug|Win32
		{06D53120-66C7-4337-A917-07518A35559E}.Release|Win32.ActiveCfg = Release|Win32
		{06D53120-66C7-4337-A917-07518A35559E}.Release|Win32.Build.0 = Release|Win32
		{FBBBDECF-5821-4317-8E2D-DA8B216B1BF2}.Debug|Win32.ActiveCfg = Debug|Win32
		{FBBBDECF-5821-4317-8E2D-DA8B216B1BF2}.Debug|Win32.Build.0 = Debug|Win32
		{FBBBDECF-5821-4317-8E2D-DA8B216B1BF2}.Release|Win32.ActiveCfg = Release|Win32
		{FBBBDECF-5821-4317-8E2D-DA8B216B1BF2}.Release|Win32.Build.0 = Release|Win32
		{2C34805B-A768-4BB6-9E0D-AB2BF6367D8D}.Debug|Win32.ActiveCfg = Debug|Win32
		{2C34805B-A768-4BB6-9E0D-AB2BF6367D8D}.Debug|Win32.Build.0 = Debug|Win32
		{2C34805B-A768-4BB6-9E0D-AB2BF6367D8D}.Release|Win32.ActiveCfg = Release|Win32
		{2C34805B-A768-4BB6-9E0D-AB2BF6367D8D}.Release|Win32.Build.0 = Release|Win32
		{C0694D41-A062-4087-A50E-F80C174300AD}.Debug|Win32.ActiveCfg = Debug|Win32
		{C0694D41-A062-4087-A50E-F80C174300AD}.Debug|Win32.Build.0 = Debug|Win32
		{C0694D41-A062-4087-A50E-F80C174300AD}.Release|Win32.ActiveCfg = Release|Win32
		{C0694D41-A062-4087-A50E-F80C174300AD}.Release|Win32.Build.0 = Release|Win32
		{9413A687-D5BE-4433-9481-605692D4412C}.Debug|Win32.ActiveCfg = Debug|Win32
		{9413A687-D5BE-4433-9481-605692D4412C}.Debug|Win32.Build.0 = Debug|Win32
		{9413A687-D5BE-4433-9481-605692D4412C}.Release|Win32.ActiveCfg = Release|Win32
		{9413A687-D5BE-4433-9481-605692D4412C}.Release|Win32.Build.0 = Release|Win32
		{9FAEE29A-88EF-4F40-ADB1-E0779030700C}.Debug|Win32.ActiveCfg = Debug|Win32
		{9FAEE29A-88EF-4F40-ADB1-E0779030700C}.Debug|Win32.Build.0 = Debug|Win32
		{9FAEE29A-88EF-4F40-ADB1-E0779030700C}.Release|Win32.ActiveCfg = Release|Win32
		{9FAEE29A-88EF-4F40-ADB1-E0779030700C}.Release|Win32.Build.0 = Release|Win32
		{8FC11786-045D-41FA-891D-5549FF8F141D}.Debug|Win32.ActiveCfg = Debug|Win32
		{8FC11786-045D-41FA-891D-5549FF8F141D}.Debug|Win32.Build.0 = Debug|Win32
		{8FC11786-045D-41FA-891D-5549FF8F141D}.Release|Win32.ActiveCfg = Release|Win32
		{8FC11786-045D-41FA-891D-5549FF8F141D}.Release|Win32.Build.0 = Release|Win32
		{BB3940F6-61C4-4867-886E-0CD6BD4A9C9B}.Debug|Win32.ActiveCfg = Debug|Win32
		{BB3940F6-61C4-4867-886E-0CD6BD4A9C9B}.Debug|Win32.Build.0 = Debug|Win32
		{BB3940F6-61C4-4867-886E-0CD6BD4A9C9B}.Release|Win32.ActiveCfg = Release|Win32
		{BB3940F6-61C4-4867-886E-0CD6BD4A9C9B}.Release|Win32.Build.0 = Release|Win32
		{18DC9B47-3976-4BBA-A70E-81C7404792BC}.Debug|Win32.ActiveCfg = Debug|Win32
		{18DC9B47-3976-4BBA-A70E-81C7404792BC}.Debug|Win32.Build.0 = Debug|Win32
		{18DC9B47-3976-4BBA-A70E-81C7404792BC}.Release|Win32.ActiveCfg = Release|Win32
		{18DC9B47-3976-4BBA-A70E-81C7404792BC}.Release|Win32.Build.0 = Release|Win32
		{B7B65E80-846C-4BCC-8B0F-BD05F82A2FF1}.Debug|Win32.ActiveCfg = Debug|Win32
		{B7B65E80-846C-4BCC-8B0F-BD05F82A2FF1}.Debug|Win32.Build.0 = Debug|Win32
		{B7B65E80-846C-4BCC-8B0F-BD05F82A2FF1}.Release|Win32.ActiveCfg = Release|Win32
		{B7B65E80-846C-4BCC-8B0F-BD05F82A2FF1}.Release|Win32.Build.0 = Release|Win32
	EndGlobalSection
	GlobalSection(SolutionProperties) = preSolution
		HideSolutionNode = FALSE
	EndGlobalSection
EndGlobal
